{
  "originHash" : "fe80d800fd3546609c8e9654610353e79fda7758e5303f523f9d300219eddff7",
  "pins" : [
    {
      "identity" : "rive-ios",
      "kind" : "remoteSourceControl",
      "location" : "https://github.com/rive-app/rive-ios.git",
      "state" : {
        "revision" : "00e6682305e1c3dbc34f06e2f44ae804877d252f",
        "version" : "6.20.0"
      }
    }
  ],
  "version" : 3
}
