// !$*UTF8*$!
{
	archiveVersion = 1;
	classes = {
	};
	objectVersion = 77;
	objects = {

/* Begin PBXBuildFile section */
		0174C98C4996BD35AC305130 /* BramFont.swift in Sources */ = {isa = PBXBuildFile; fileRef = C9580407DA3885107E471622 /* BramFont.swift */; };
		033DCBBC585E4984E04945CC /* SuisseIntl-RegularItalic.otf in Resources */ = {isa = PBXBuildFile; fileRef = 7C0A99928993546D26B7125C /* SuisseIntl-RegularItalic.otf */; };
		08B1BA74B19F3A79EB526D2A /* StatsPanelView.swift in Sources */ = {isa = PBXBuildFile; fileRef = 7E276A895E812212A7CFB996 /* StatsPanelView.swift */; };
		0A755A77FF8B22AE1F70C7D3 /* WorkoutNote.swift in Sources */ = {isa = PBXBuildFile; fileRef = F8754E1258EEEF312F699ECC /* WorkoutNote.swift */; };
		1CF1FFD1B4E91BD5B8D586E2 /* WorkoutNoteEditor.swift in Sources */ = {isa = PBXBuildFile; fileRef = 932E6358A2029023F9EC17B4 /* WorkoutNoteEditor.swift */; };
		1E88BFB0B1124D5F0D02E472 /* RiveRuntime in Frameworks */ = {isa = PBXBuildFile; productRef = F112AD5709567F429E50C55D /* RiveRuntime */; };
		26170587033BB9756E418B39 /* WorkoutSuggestionCard.swift in Sources */ = {isa = PBXBuildFile; fileRef = EECA5C27E11964BAC9A96B1D /* WorkoutSuggestionCard.swift */; };
		2AFD80EFC4E2E0574FDD6380 /* SuisseIntl-Bold.otf in Resources */ = {isa = PBXBuildFile; fileRef = 8DC2E71AFE6E3B1C60A3D865 /* SuisseIntl-Bold.otf */; };
		2FCE84FBD99DB6FE355F1681 /* ServicePlaceholders.swift in Sources */ = {isa = PBXBuildFile; fileRef = 20FE1B72BBFB65BDC735C020 /* ServicePlaceholders.swift */; };
		3473811A6998AF7C94454699 /* AppServiceProtocols.swift in Sources */ = {isa = PBXBuildFile; fileRef = 18D369197B2C78659006927C /* AppServiceProtocols.swift */; };
		3F17E3E75EF7763412919FE7 /* AdobeCaslonPro-Italic.otf in Resources */ = {isa = PBXBuildFile; fileRef = 8C57540D20D166C6851E6111 /* AdobeCaslonPro-Italic.otf */; };
		4551BC054AD0430DD81151FA /* SuisseIntl-Book.otf in Resources */ = {isa = PBXBuildFile; fileRef = 46B005EC835121B4DD018517 /* SuisseIntl-Book.otf */; };
		4C7ECAC533595B40F83E2E4E /* HomePanel.swift in Sources */ = {isa = PBXBuildFile; fileRef = B208DCCA2E59A18B135C6625 /* HomePanel.swift */; };
		5656B210B6AFCB20F71B5FC2 /* DailyWorkoutModels.swift in Sources */ = {isa = PBXBuildFile; fileRef = 7DB33F0A73E4B91B68AE5964 /* DailyWorkoutModels.swift */; };
		5A3F515D20485B4DFBB2C0F6 /* BramPreviewData.swift in Sources */ = {isa = PBXBuildFile; fileRef = 41A4668272501B851CB8F7A6 /* BramPreviewData.swift */; };
		5ECE8CE8F25243F37A5B51BD /* AdobeCaslonPro-Semibold.otf in Resources */ = {isa = PBXBuildFile; fileRef = 0C83C9ABCCD29339DE3F2EF0 /* AdobeCaslonPro-Semibold.otf */; };
		648C11E10B447D91BC13E9AC /* BramPanelChrome.swift in Sources */ = {isa = PBXBuildFile; fileRef = F0564BEF8BD2AC3572C1D764 /* BramPanelChrome.swift */; };
		7C7169E708636609DE6E66D5 /* SuisseIntl-Regular.otf in Resources */ = {isa = PBXBuildFile; fileRef = 83563163E4752130CEFF0746 /* SuisseIntl-Regular.otf */; };
		9694CB0EFBC6F10FC3DE3EA7 /* AdobeCaslonPro-Bold.otf in Resources */ = {isa = PBXBuildFile; fileRef = 17AB0B0A678F897312791616 /* AdobeCaslonPro-Bold.otf */; };
		A192132E3FDCA418DE46411E /* BramCapsuleButton.swift in Sources */ = {isa = PBXBuildFile; fileRef = 75D8EA3B5EF9141732E59EAF /* BramCapsuleButton.swift */; };
		A971E8974B54D660BA5EBFA5 /* AdobeCaslonPro-Regular.otf in Resources */ = {isa = PBXBuildFile; fileRef = FCAF644B58904EE3D59604C0 /* AdobeCaslonPro-Regular.otf */; };
		AD26E87A15CA1B930CE427CF /* SuisseIntl-Semibold.otf in Resources */ = {isa = PBXBuildFile; fileRef = 53BFC3BE03DB941049208276 /* SuisseIntl-Semibold.otf */; };
		B88F2A6C6CA3E73FDC34870F /* BramColor.swift in Sources */ = {isa = PBXBuildFile; fileRef = E6A8232BCC6DDD545EC34B4B /* BramColor.swift */; };
		C2E38DF743B1F5B4F8C0EEEE /* ParsedWorkoutSummaryCard.swift in Sources */ = {isa = PBXBuildFile; fileRef = 057A5BDB2AEB506DF6CAC1FE /* ParsedWorkoutSummaryCard.swift */; };
		CC33179D2C50DED641B0A869 /* PanelModels.swift in Sources */ = {isa = PBXBuildFile; fileRef = 951BBA2DD0BCCD1E65278379 /* PanelModels.swift */; };
		D09F9A2920E9775B01D77573 /* SuisseIntl-Medium.otf in Resources */ = {isa = PBXBuildFile; fileRef = 2572C0D243C86713B874CCF2 /* SuisseIntl-Medium.otf */; };
		D0D76F222745C8E32E87FE19 /* AppRootView.swift in Sources */ = {isa = PBXBuildFile; fileRef = 2F87A1012A402EA85D104103 /* AppRootView.swift */; };
		D2D5694DA803CCD9B9A32B78 /* BramApp.swift in Sources */ = {isa = PBXBuildFile; fileRef = 607DA913FB66384CF350D64A /* BramApp.swift */; };
		D3EFF7DB54F15F1DF74D4C29 /* HomeView.swift in Sources */ = {isa = PBXBuildFile; fileRef = 93437CBD164CAECCAB70F2C1 /* HomeView.swift */; };
		D702AF84168A96F2634B4CE3 /* Assets.xcassets in Resources */ = {isa = PBXBuildFile; fileRef = 0C7A61A147B60A558FAE19DA /* Assets.xcassets */; };
		D7BA7D7AE4A84E505523325C /* CalendarPanelView.swift in Sources */ = {isa = PBXBuildFile; fileRef = 6AF7702C5D615B37354AF652 /* CalendarPanelView.swift */; };
		D9ABC5306B1077A75A1A5369 /* MetricColor.swift in Sources */ = {isa = PBXBuildFile; fileRef = FDE9BF9C8CBA0B3C4C2B4359 /* MetricColor.swift */; };
		DB14FAC3AAB6F5CF8C9C904B /* BramCard.swift in Sources */ = {isa = PBXBuildFile; fileRef = 1EBA79773736D3D7384FE0DC /* BramCard.swift */; };
		DBA14A5D03903E52D5BCBE0B /* BramTests.swift in Sources */ = {isa = PBXBuildFile; fileRef = 871BD9145790E50ECBA2E312 /* BramTests.swift */; };
		DFAFB31FA4FCBDA73258895E /* SettingsView.swift in Sources */ = {isa = PBXBuildFile; fileRef = C03CCBAC2D1BF86ECDAF8C4F /* SettingsView.swift */; };
		E4A337251BB3650D1819B429 /* AccountSnapshot.swift in Sources */ = {isa = PBXBuildFile; fileRef = E1F2089FF64A66F45D80DC73 /* AccountSnapshot.swift */; };
		EF8FCC981BF219B6EDEBF975 /* RiveMascotPlaceholder.swift in Sources */ = {isa = PBXBuildFile; fileRef = 18014349AA7506E36FD3C582 /* RiveMascotPlaceholder.swift */; };
		F2C5B849C11134F72AD880E8 /* WorkoutLoadBar.swift in Sources */ = {isa = PBXBuildFile; fileRef = 5DD2FE9B17C1CDA26A1E2564 /* WorkoutLoadBar.swift */; };
		FE4BABD931480B35832CB4A0 /* HomeHeader.swift in Sources */ = {isa = PBXBuildFile; fileRef = 19AE2D51B31CE764AEA51A0C /* HomeHeader.swift */; };
/* End PBXBuildFile section */

/* Begin PBXContainerItemProxy section */
		42D2BCA1500181221D327D50 /* PBXContainerItemProxy */ = {
			isa = PBXContainerItemProxy;
			containerPortal = 1DB777AC095D3266335FB647 /* Project object */;
			proxyType = 1;
			remoteGlobalIDString = 3CAAE52402BE53B23316E9D9;
			remoteInfo = Bram;
		};
/* End PBXContainerItemProxy section */

/* Begin PBXFileReference section */
		057A5BDB2AEB506DF6CAC1FE /* ParsedWorkoutSummaryCard.swift */ = {isa = PBXFileReference; lastKnownFileType = sourcecode.swift; path = ParsedWorkoutSummaryCard.swift; sourceTree = "<group>"; };
		0C7A61A147B60A558FAE19DA /* Assets.xcassets */ = {isa = PBXFileReference; lastKnownFileType = folder.assetcatalog; path = Assets.xcassets; sourceTree = "<group>"; };
		0C83C9ABCCD29339DE3F2EF0 /* AdobeCaslonPro-Semibold.otf */ = {isa = PBXFileReference; lastKnownFileType = file; path = "AdobeCaslonPro-Semibold.otf"; sourceTree = "<group>"; };
		17AB0B0A678F897312791616 /* AdobeCaslonPro-Bold.otf */ = {isa = PBXFileReference; lastKnownFileType = file; path = "AdobeCaslonPro-Bold.otf"; sourceTree = "<group>"; };
		18014349AA7506E36FD3C582 /* RiveMascotPlaceholder.swift */ = {isa = PBXFileReference; lastKnownFileType = sourcecode.swift; path = RiveMascotPlaceholder.swift; sourceTree = "<group>"; };
		18D369197B2C78659006927C /* AppServiceProtocols.swift */ = {isa = PBXFileReference; lastKnownFileType = sourcecode.swift; path = AppServiceProtocols.swift; sourceTree = "<group>"; };
		19AE2D51B31CE764AEA51A0C /* HomeHeader.swift */ = {isa = PBXFileReference; lastKnownFileType = sourcecode.swift; path = HomeHeader.swift; sourceTree = "<group>"; };
		1EBA79773736D3D7384FE0DC /* BramCard.swift */ = {isa = PBXFileReference; lastKnownFileType = sourcecode.swift; path = BramCard.swift; sourceTree = "<group>"; };
		20FE1B72BBFB65BDC735C020 /* ServicePlaceholders.swift */ = {isa = PBXFileReference; lastKnownFileType = sourcecode.swift; path = ServicePlaceholders.swift; sourceTree = "<group>"; };
		2572C0D243C86713B874CCF2 /* SuisseIntl-Medium.otf */ = {isa = PBXFileReference; lastKnownFileType = file; path = "SuisseIntl-Medium.otf"; sourceTree = "<group>"; };
		2DC905C1EF1285533957BFEA /* BramTests.xctest */ = {isa = PBXFileReference; includeInIndex = 0; lastKnownFileType = wrapper.cfbundle; path = BramTests.xctest; sourceTree = BUILT_PRODUCTS_DIR; };
		2F87A1012A402EA85D104103 /* AppRootView.swift */ = {isa = PBXFileReference; lastKnownFileType = sourcecode.swift; path = AppRootView.swift; sourceTree = "<group>"; };
		41A4668272501B851CB8F7A6 /* BramPreviewData.swift */ = {isa = PBXFileReference; lastKnownFileType = sourcecode.swift; path = BramPreviewData.swift; sourceTree = "<group>"; };
		46B005EC835121B4DD018517 /* SuisseIntl-Book.otf */ = {isa = PBXFileReference; lastKnownFileType = file; path = "SuisseIntl-Book.otf"; sourceTree = "<group>"; };
		53BFC3BE03DB941049208276 /* SuisseIntl-Semibold.otf */ = {isa = PBXFileReference; lastKnownFileType = file; path = "SuisseIntl-Semibold.otf"; sourceTree = "<group>"; };
		5DD2FE9B17C1CDA26A1E2564 /* WorkoutLoadBar.swift */ = {isa = PBXFileReference; lastKnownFileType = sourcecode.swift; path = WorkoutLoadBar.swift; sourceTree = "<group>"; };
		607DA913FB66384CF350D64A /* BramApp.swift */ = {isa = PBXFileReference; lastKnownFileType = sourcecode.swift; path = BramApp.swift; sourceTree = "<group>"; };
		6AF7702C5D615B37354AF652 /* CalendarPanelView.swift */ = {isa = PBXFileReference; lastKnownFileType = sourcecode.swift; path = CalendarPanelView.swift; sourceTree = "<group>"; };
		75D8EA3B5EF9141732E59EAF /* BramCapsuleButton.swift */ = {isa = PBXFileReference; lastKnownFileType = sourcecode.swift; path = BramCapsuleButton.swift; sourceTree = "<group>"; };
		7C0A99928993546D26B7125C /* SuisseIntl-RegularItalic.otf */ = {isa = PBXFileReference; lastKnownFileType = file; path = "SuisseIntl-RegularItalic.otf"; sourceTree = "<group>"; };
		7DB33F0A73E4B91B68AE5964 /* DailyWorkoutModels.swift */ = {isa = PBXFileReference; lastKnownFileType = sourcecode.swift; path = DailyWorkoutModels.swift; sourceTree = "<group>"; };
		7E276A895E812212A7CFB996 /* StatsPanelView.swift */ = {isa = PBXFileReference; lastKnownFileType = sourcecode.swift; path = StatsPanelView.swift; sourceTree = "<group>"; };
		83563163E4752130CEFF0746 /* SuisseIntl-Regular.otf */ = {isa = PBXFileReference; lastKnownFileType = file; path = "SuisseIntl-Regular.otf"; sourceTree = "<group>"; };
		871BD9145790E50ECBA2E312 /* BramTests.swift */ = {isa = PBXFileReference; lastKnownFileType = sourcecode.swift; path = BramTests.swift; sourceTree = "<group>"; };
		8C57540D20D166C6851E6111 /* AdobeCaslonPro-Italic.otf */ = {isa = PBXFileReference; lastKnownFileType = file; path = "AdobeCaslonPro-Italic.otf"; sourceTree = "<group>"; };
		8DC2E71AFE6E3B1C60A3D865 /* SuisseIntl-Bold.otf */ = {isa = PBXFileReference; lastKnownFileType = file; path = "SuisseIntl-Bold.otf"; sourceTree = "<group>"; };
		932E6358A2029023F9EC17B4 /* WorkoutNoteEditor.swift */ = {isa = PBXFileReference; lastKnownFileType = sourcecode.swift; path = WorkoutNoteEditor.swift; sourceTree = "<group>"; };
		93437CBD164CAECCAB70F2C1 /* HomeView.swift */ = {isa = PBXFileReference; lastKnownFileType = sourcecode.swift; path = HomeView.swift; sourceTree = "<group>"; };
		951BBA2DD0BCCD1E65278379 /* PanelModels.swift */ = {isa = PBXFileReference; lastKnownFileType = sourcecode.swift; path = PanelModels.swift; sourceTree = "<group>"; };
		9FF10D98CB8B18D9B86B41FF /* Info.plist */ = {isa = PBXFileReference; lastKnownFileType = text.plist; path = Info.plist; sourceTree = "<group>"; };
		B208DCCA2E59A18B135C6625 /* HomePanel.swift */ = {isa = PBXFileReference; lastKnownFileType = sourcecode.swift; path = HomePanel.swift; sourceTree = "<group>"; };
		B97EB29BCB4ACFAE2D0E11E4 /* Bram.app */ = {isa = PBXFileReference; includeInIndex = 0; lastKnownFileType = wrapper.application; path = Bram.app; sourceTree = BUILT_PRODUCTS_DIR; };
		C03CCBAC2D1BF86ECDAF8C4F /* SettingsView.swift */ = {isa = PBXFileReference; lastKnownFileType = sourcecode.swift; path = SettingsView.swift; sourceTree = "<group>"; };
		C9580407DA3885107E471622 /* BramFont.swift */ = {isa = PBXFileReference; lastKnownFileType = sourcecode.swift; path = BramFont.swift; sourceTree = "<group>"; };
		E1F2089FF64A66F45D80DC73 /* AccountSnapshot.swift */ = {isa = PBXFileReference; lastKnownFileType = sourcecode.swift; path = AccountSnapshot.swift; sourceTree = "<group>"; };
		E6A8232BCC6DDD545EC34B4B /* BramColor.swift */ = {isa = PBXFileReference; lastKnownFileType = sourcecode.swift; path = BramColor.swift; sourceTree = "<group>"; };
		EECA5C27E11964BAC9A96B1D /* WorkoutSuggestionCard.swift */ = {isa = PBXFileReference; lastKnownFileType = sourcecode.swift; path = WorkoutSuggestionCard.swift; sourceTree = "<group>"; };
		F0564BEF8BD2AC3572C1D764 /* BramPanelChrome.swift */ = {isa = PBXFileReference; lastKnownFileType = sourcecode.swift; path = BramPanelChrome.swift; sourceTree = "<group>"; };
		F8754E1258EEEF312F699ECC /* WorkoutNote.swift */ = {isa = PBXFileReference; lastKnownFileType = sourcecode.swift; path = WorkoutNote.swift; sourceTree = "<group>"; };
		FCAF644B58904EE3D59604C0 /* AdobeCaslonPro-Regular.otf */ = {isa = PBXFileReference; lastKnownFileType = file; path = "AdobeCaslonPro-Regular.otf"; sourceTree = "<group>"; };
		FDE9BF9C8CBA0B3C4C2B4359 /* MetricColor.swift */ = {isa = PBXFileReference; lastKnownFileType = sourcecode.swift; path = MetricColor.swift; sourceTree = "<group>"; };
/* End PBXFileReference section */

/* Begin PBXFrameworksBuildPhase section */
		3D1EB781A3168EA209CBD493 /* Frameworks */ = {
			isa = PBXFrameworksBuildPhase;
			buildActionMask = 2147483647;
			files = (
				1E88BFB0B1124D5F0D02E472 /* RiveRuntime in Frameworks */,
			);
			runOnlyForDeploymentPostprocessing = 0;
		};
/* End PBXFrameworksBuildPhase section */

/* Begin PBXGroup section */
		1DE3B47EFD72E4CA3C5ACB26 /* AppState */ = {
			isa = PBXGroup;
			children = (
				B208DCCA2E59A18B135C6625 /* HomePanel.swift */,
			);
			path = AppState;
			sourceTree = "<group>";
		};
		256A7BF062C469CF58C0DFFA /* Fixtures */ = {
			isa = PBXGroup;
			children = (
				41A4668272501B851CB8F7A6 /* BramPreviewData.swift */,
			);
			path = Fixtures;
			sourceTree = "<group>";
		};
		272265FF5172BE6C4BF3F635 /* Resources */ = {
			isa = PBXGroup;
			children = (
				A931B4E5BCB268F83045ACA9 /* Fonts */,
			);
			path = Resources;
			sourceTree = "<group>";
		};
		2BD2A07BC2A9454A6A004E37 /* Settings */ = {
			isa = PBXGroup;
			children = (
				C03CCBAC2D1BF86ECDAF8C4F /* SettingsView.swift */,
			);
			path = Settings;
			sourceTree = "<group>";
		};
		442AECF2E3876F30D38E9301 /* Home */ = {
			isa = PBXGroup;
			children = (
				19AE2D51B31CE764AEA51A0C /* HomeHeader.swift */,
				93437CBD164CAECCAB70F2C1 /* HomeView.swift */,
				057A5BDB2AEB506DF6CAC1FE /* ParsedWorkoutSummaryCard.swift */,
				5DD2FE9B17C1CDA26A1E2564 /* WorkoutLoadBar.swift */,
				932E6358A2029023F9EC17B4 /* WorkoutNoteEditor.swift */,
				EECA5C27E11964BAC9A96B1D /* WorkoutSuggestionCard.swift */,
			);
			path = Home;
			sourceTree = "<group>";
		};
		4E290EF7A962D7BA089FE546 /* Products */ = {
			isa = PBXGroup;
			children = (
				B97EB29BCB4ACFAE2D0E11E4 /* Bram.app */,
				2DC905C1EF1285533957BFEA /* BramTests.xctest */,
			);
			name = Products;
			sourceTree = "<group>";
		};
		68E0651BAD563447F9538BB7 /* Stats */ = {
			isa = PBXGroup;
			children = (
				7E276A895E812212A7CFB996 /* StatsPanelView.swift */,
			);
			path = Stats;
			sourceTree = "<group>";
		};
		6B51783E8B9AA175F82A2C32 /* BramTests */ = {
			isa = PBXGroup;
			children = (
				871BD9145790E50ECBA2E312 /* BramTests.swift */,
			);
			path = BramTests;
			sourceTree = "<group>";
		};
		704F2995F91C8A437D039BC3 /* Components */ = {
			isa = PBXGroup;
			children = (
				75D8EA3B5EF9141732E59EAF /* BramCapsuleButton.swift */,
				F0564BEF8BD2AC3572C1D764 /* BramPanelChrome.swift */,
				FDE9BF9C8CBA0B3C4C2B4359 /* MetricColor.swift */,
				18014349AA7506E36FD3C582 /* RiveMascotPlaceholder.swift */,
			);
			path = Components;
			sourceTree = "<group>";
		};
		7A5CA946EF25202BE224D95D /* Bram */ = {
			isa = PBXGroup;
			children = (
				2F87A1012A402EA85D104103 /* AppRootView.swift */,
				0C7A61A147B60A558FAE19DA /* Assets.xcassets */,
				607DA913FB66384CF350D64A /* BramApp.swift */,
				9FF10D98CB8B18D9B86B41FF /* Info.plist */,
				1DE3B47EFD72E4CA3C5ACB26 /* AppState */,
				704F2995F91C8A437D039BC3 /* Components */,
				8105DEA50956548CA32E86CD /* DesignSystem */,
				AE02391F1F9A90DE13ACF488 /* Features */,
				256A7BF062C469CF58C0DFFA /* Fixtures */,
				8248BF907E628DA51136CEB7 /* Models */,
				272265FF5172BE6C4BF3F635 /* Resources */,
				B244E03007EE6EA6C15267D5 /* Services */,
			);
			path = Bram;
			sourceTree = "<group>";
		};
		8105DEA50956548CA32E86CD /* DesignSystem */ = {
			isa = PBXGroup;
			children = (
				1EBA79773736D3D7384FE0DC /* BramCard.swift */,
				E6A8232BCC6DDD545EC34B4B /* BramColor.swift */,
				C9580407DA3885107E471622 /* BramFont.swift */,
			);
			path = DesignSystem;
			sourceTree = "<group>";
		};
		8248BF907E628DA51136CEB7 /* Models */ = {
			isa = PBXGroup;
			children = (
				E1F2089FF64A66F45D80DC73 /* AccountSnapshot.swift */,
				7DB33F0A73E4B91B68AE5964 /* DailyWorkoutModels.swift */,
				951BBA2DD0BCCD1E65278379 /* PanelModels.swift */,
				F8754E1258EEEF312F699ECC /* WorkoutNote.swift */,
			);
			path = Models;
			sourceTree = "<group>";
		};
		981B4917CCB4A78C7F902618 = {
			isa = PBXGroup;
			children = (
				7A5CA946EF25202BE224D95D /* Bram */,
				6B51783E8B9AA175F82A2C32 /* BramTests */,
				4E290EF7A962D7BA089FE546 /* Products */,
			);
			sourceTree = "<group>";
		};
		98B0CCECBF6DE545D77D9F69 /* Calendar */ = {
			isa = PBXGroup;
			children = (
				6AF7702C5D615B37354AF652 /* CalendarPanelView.swift */,
			);
			path = Calendar;
			sourceTree = "<group>";
		};
		A931B4E5BCB268F83045ACA9 /* Fonts */ = {
			isa = PBXGroup;
			children = (
				17AB0B0A678F897312791616 /* AdobeCaslonPro-Bold.otf */,
				8C57540D20D166C6851E6111 /* AdobeCaslonPro-Italic.otf */,
				FCAF644B58904EE3D59604C0 /* AdobeCaslonPro-Regular.otf */,
				0C83C9ABCCD29339DE3F2EF0 /* AdobeCaslonPro-Semibold.otf */,
				8DC2E71AFE6E3B1C60A3D865 /* SuisseIntl-Bold.otf */,
				46B005EC835121B4DD018517 /* SuisseIntl-Book.otf */,
				2572C0D243C86713B874CCF2 /* SuisseIntl-Medium.otf */,
				83563163E4752130CEFF0746 /* SuisseIntl-Regular.otf */,
				7C0A99928993546D26B7125C /* SuisseIntl-RegularItalic.otf */,
				53BFC3BE03DB941049208276 /* SuisseIntl-Semibold.otf */,
			);
			path = Fonts;
			sourceTree = "<group>";
		};
		AE02391F1F9A90DE13ACF488 /* Features */ = {
			isa = PBXGroup;
			children = (
				98B0CCECBF6DE545D77D9F69 /* Calendar */,
				442AECF2E3876F30D38E9301 /* Home */,
				2BD2A07BC2A9454A6A004E37 /* Settings */,
				68E0651BAD563447F9538BB7 /* Stats */,
			);
			path = Features;
			sourceTree = "<group>";
		};
		B244E03007EE6EA6C15267D5 /* Services */ = {
			isa = PBXGroup;
			children = (
				18D369197B2C78659006927C /* AppServiceProtocols.swift */,
				20FE1B72BBFB65BDC735C020 /* ServicePlaceholders.swift */,
			);
			path = Services;
			sourceTree = "<group>";
		};
/* End PBXGroup section */

/* Begin PBXNativeTarget section */
		3CAAE52402BE53B23316E9D9 /* Bram */ = {
			isa = PBXNativeTarget;
			buildConfigurationList = E4061271B8D44BE9E75F40C4 /* Build configuration list for PBXNativeTarget "Bram" */;
			buildPhases = (
				0F761A62E81979FF19D4495B /* Sources */,
				3AB0F2FB423EDC68DADB5C38 /* Resources */,
				3D1EB781A3168EA209CBD493 /* Frameworks */,
			);
			buildRules = (
			);
			dependencies = (
			);
			name = Bram;
			packageProductDependencies = (
				F112AD5709567F429E50C55D /* RiveRuntime */,
			);
			productName = Bram;
			productReference = B97EB29BCB4ACFAE2D0E11E4 /* Bram.app */;
			productType = "com.apple.product-type.application";
		};
		BE5999B386447B351D6ECEA0 /* BramTests */ = {
			isa = PBXNativeTarget;
			buildConfigurationList = EF1C3C4C18D73CF01DECB5F3 /* Build configuration list for PBXNativeTarget "BramTests" */;
			buildPhases = (
				3CC719C80F7149137DC9950B /* Sources */,
			);
			buildRules = (
			);
			dependencies = (
				CB24EE544C0B321CD369BBD7 /* PBXTargetDependency */,
			);
			name = BramTests;
			packageProductDependencies = (
			);
			productName = BramTests;
			productReference = 2DC905C1EF1285533957BFEA /* BramTests.xctest */;
			productType = "com.apple.product-type.bundle.unit-test";
		};
/* End PBXNativeTarget section */

/* Begin PBXProject section */
		1DB777AC095D3266335FB647 /* Project object */ = {
			isa = PBXProject;
			attributes = {
				BuildIndependentTargetsInParallel = YES;
				LastUpgradeCheck = 1430;
				TargetAttributes = {
				};
			};
			buildConfigurationList = 4E6B239B425EE5A259588563 /* Build configuration list for PBXProject "Bram" */;
			developmentRegion = en;
			hasScannedForEncodings = 0;
			knownRegions = (
				Base,
				en,
			);
			mainGroup = 981B4917CCB4A78C7F902618;
			minimizedProjectReferenceProxies = 1;
			packageReferences = (
				0AF6748C59294F0C71633B91 /* XCRemoteSwiftPackageReference "rive-ios" */,
			);
			preferredProjectObjectVersion = 77;
			productRefGroup = 4E290EF7A962D7BA089FE546 /* Products */;
			projectDirPath = "";
			projectRoot = "";
			targets = (
				3CAAE52402BE53B23316E9D9 /* Bram */,
				BE5999B386447B351D6ECEA0 /* BramTests */,
			);
		};
/* End PBXProject section */

/* Begin PBXResourcesBuildPhase section */
		3AB0F2FB423EDC68DADB5C38 /* Resources */ = {
			isa = PBXResourcesBuildPhase;
			buildActionMask = 2147483647;
			files = (
				9694CB0EFBC6F10FC3DE3EA7 /* AdobeCaslonPro-Bold.otf in Resources */,
				3F17E3E75EF7763412919FE7 /* AdobeCaslonPro-Italic.otf in Resources */,
				A971E8974B54D660BA5EBFA5 /* AdobeCaslonPro-Regular.otf in Resources */,
				5ECE8CE8F25243F37A5B51BD /* AdobeCaslonPro-Semibold.otf in Resources */,
				D702AF84168A96F2634B4CE3 /* Assets.xcassets in Resources */,
				2AFD80EFC4E2E0574FDD6380 /* SuisseIntl-Bold.otf in Resources */,
				4551BC054AD0430DD81151FA /* SuisseIntl-Book.otf in Resources */,
				D09F9A2920E9775B01D77573 /* SuisseIntl-Medium.otf in Resources */,
				7C7169E708636609DE6E66D5 /* SuisseIntl-Regular.otf in Resources */,
				033DCBBC585E4984E04945CC /* SuisseIntl-RegularItalic.otf in Resources */,
				AD26E87A15CA1B930CE427CF /* SuisseIntl-Semibold.otf in Resources */,
			);
			runOnlyForDeploymentPostprocessing = 0;
		};
/* End PBXResourcesBuildPhase section */

/* Begin PBXSourcesBuildPhase section */
		0F761A62E81979FF19D4495B /* Sources */ = {
			isa = PBXSourcesBuildPhase;
			buildActionMask = 2147483647;
			files = (
				E4A337251BB3650D1819B429 /* AccountSnapshot.swift in Sources */,
				D0D76F222745C8E32E87FE19 /* AppRootView.swift in Sources */,
				3473811A6998AF7C94454699 /* AppServiceProtocols.swift in Sources */,
				D2D5694DA803CCD9B9A32B78 /* BramApp.swift in Sources */,
				A192132E3FDCA418DE46411E /* BramCapsuleButton.swift in Sources */,
				DB14FAC3AAB6F5CF8C9C904B /* BramCard.swift in Sources */,
				B88F2A6C6CA3E73FDC34870F /* BramColor.swift in Sources */,
				0174C98C4996BD35AC305130 /* BramFont.swift in Sources */,
				648C11E10B447D91BC13E9AC /* BramPanelChrome.swift in Sources */,
				5A3F515D20485B4DFBB2C0F6 /* BramPreviewData.swift in Sources */,
				D7BA7D7AE4A84E505523325C /* CalendarPanelView.swift in Sources */,
				5656B210B6AFCB20F71B5FC2 /* DailyWorkoutModels.swift in Sources */,
				FE4BABD931480B35832CB4A0 /* HomeHeader.swift in Sources */,
				4C7ECAC533595B40F83E2E4E /* HomePanel.swift in Sources */,
				D3EFF7DB54F15F1DF74D4C29 /* HomeView.swift in Sources */,
				D9ABC5306B1077A75A1A5369 /* MetricColor.swift in Sources */,
				CC33179D2C50DED641B0A869 /* PanelModels.swift in Sources */,
				C2E38DF743B1F5B4F8C0EEEE /* ParsedWorkoutSummaryCard.swift in Sources */,
				EF8FCC981BF219B6EDEBF975 /* RiveMascotPlaceholder.swift in Sources */,
				2FCE84FBD99DB6FE355F1681 /* ServicePlaceholders.swift in Sources */,
				DFAFB31FA4FCBDA73258895E /* SettingsView.swift in Sources */,
				08B1BA74B19F3A79EB526D2A /* StatsPanelView.swift in Sources */,
				F2C5B849C11134F72AD880E8 /* WorkoutLoadBar.swift in Sources */,
				0A755A77FF8B22AE1F70C7D3 /* WorkoutNote.swift in Sources */,
				1CF1FFD1B4E91BD5B8D586E2 /* WorkoutNoteEditor.swift in Sources */,
				26170587033BB9756E418B39 /* WorkoutSuggestionCard.swift in Sources */,
			);
			runOnlyForDeploymentPostprocessing = 0;
		};
		3CC719C80F7149137DC9950B /* Sources */ = {
			isa = PBXSourcesBuildPhase;
			buildActionMask = 2147483647;
			files = (
				DBA14A5D03903E52D5BCBE0B /* BramTests.swift in Sources */,
			);
			runOnlyForDeploymentPostprocessing = 0;
		};
/* End PBXSourcesBuildPhase section */

/* Begin PBXTargetDependency section */
		CB24EE544C0B321CD369BBD7 /* PBXTargetDependency */ = {
			isa = PBXTargetDependency;
			target = 3CAAE52402BE53B23316E9D9 /* Bram */;
			targetProxy = 42D2BCA1500181221D327D50 /* PBXContainerItemProxy */;
		};
/* End PBXTargetDependency section */

/* Begin XCBuildConfiguration section */
		218483FD4C08CE7F33C69EF3 /* Release */ = {
			isa = XCBuildConfiguration;
			buildSettings = {
				ALWAYS_SEARCH_USER_PATHS = NO;
				CLANG_ANALYZER_NONNULL = YES;
				CLANG_ANALYZER_NUMBER_OBJECT_CONVERSION = YES_AGGRESSIVE;
				CLANG_CXX_LANGUAGE_STANDARD = "gnu++14";
				CLANG_CXX_LIBRARY = "libc++";
				CLANG_ENABLE_MODULES = YES;
				CLANG_ENABLE_OBJC_ARC = YES;
				CLANG_ENABLE_OBJC_WEAK = YES;
				CLANG_WARN_BLOCK_CAPTURE_AUTORELEASING = YES;
				CLANG_WARN_BOOL_CONVERSION = YES;
				CLANG_WARN_COMMA = YES;
				CLANG_WARN_CONSTANT_CONVERSION = YES;
				CLANG_WARN_DEPRECATED_OBJC_IMPLEMENTATIONS = YES;
				CLANG_WARN_DIRECT_OBJC_ISA_USAGE = YES_ERROR;
				CLANG_WARN_DOCUMENTATION_COMMENTS = YES;
				CLANG_WARN_EMPTY_BODY = YES;
				CLANG_WARN_ENUM_CONVERSION = YES;
				CLANG_WARN_INFINITE_RECURSION = YES;
				CLANG_WARN_INT_CONVERSION = YES;
				CLANG_WARN_NON_LITERAL_NULL_CONVERSION = YES;
				CLANG_WARN_OBJC_IMPLICIT_RETAIN_SELF = YES;
				CLANG_WARN_OBJC_LITERAL_CONVERSION = YES;
				CLANG_WARN_OBJC_ROOT_CLASS = YES_ERROR;
				CLANG_WARN_QUOTED_INCLUDE_IN_FRAMEWORK_HEADER = YES;
				CLANG_WARN_RANGE_LOOP_ANALYSIS = YES;
				CLANG_WARN_STRICT_PROTOTYPES = YES;
				CLANG_WARN_SUSPICIOUS_MOVE = YES;
				CLANG_WARN_UNGUARDED_AVAILABILITY = YES_AGGRESSIVE;
				CLANG_WARN_UNREACHABLE_CODE = YES;
				CLANG_WARN__DUPLICATE_METHOD_MATCH = YES;
				COPY_PHASE_STRIP = NO;
				CURRENT_PROJECT_VERSION = 1;
				DEBUG_INFORMATION_FORMAT = "dwarf-with-dsym";
				ENABLE_NS_ASSERTIONS = NO;
				ENABLE_STRICT_OBJC_MSGSEND = YES;
				GCC_C_LANGUAGE_STANDARD = gnu11;
				GCC_NO_COMMON_BLOCKS = YES;
				GCC_WARN_64_TO_32_BIT_CONVERSION = YES;
				GCC_WARN_ABOUT_RETURN_TYPE = YES_ERROR;
				GCC_WARN_UNDECLARED_SELECTOR = YES;
				GCC_WARN_UNINITIALIZED_AUTOS = YES_AGGRESSIVE;
				GCC_WARN_UNUSED_FUNCTION = YES;
				GCC_WARN_UNUSED_VARIABLE = YES;
				IPHONEOS_DEPLOYMENT_TARGET = 17.0;
				MARKETING_VERSION = 0.1.0;
				MTL_ENABLE_DEBUG_INFO = NO;
				MTL_FAST_MATH = YES;
				PRODUCT_NAME = "$(TARGET_NAME)";
				SDKROOT = iphoneos;
				SWIFT_COMPILATION_MODE = wholemodule;
				SWIFT_OPTIMIZATION_LEVEL = "-O";
				SWIFT_VERSION = 6.0;
			};
			name = Release;
		};
		4823A0AC94D215D8236E4FA2 /* Release */ = {
			isa = XCBuildConfiguration;
			buildSettings = {
				BUNDLE_LOADER = "$(TEST_HOST)";
				GENERATE_INFOPLIST_FILE = YES;
				LD_RUNPATH_SEARCH_PATHS = (
					"$(inherited)",
					"@executable_path/Frameworks",
					"@loader_path/Frameworks",
				);
				PRODUCT_BUNDLE_IDENTIFIER = app.trybram.BramTests;
				SDKROOT = iphoneos;
				TARGETED_DEVICE_FAMILY = "1,2";
				TEST_HOST = "$(BUILT_PRODUCTS_DIR)/Bram.app/Bram";
			};
			name = Release;
		};
		666B2625FC462EDC6225C0EF /* Release */ = {
			isa = XCBuildConfiguration;
			buildSettings = {
				ASSETCATALOG_COMPILER_APPICON_NAME = AppIcon;
				CODE_SIGN_IDENTITY = "iPhone Developer";
				INFOPLIST_FILE = Bram/Info.plist;
				LD_RUNPATH_SEARCH_PATHS = (
					"$(inherited)",
					"@executable_path/Frameworks",
				);
				PRODUCT_BUNDLE_IDENTIFIER = app.trybram.Bram;
				PRODUCT_NAME = Bram;
				SDKROOT = iphoneos;
				TARGETED_DEVICE_FAMILY = "1,2";
			};
			name = Release;
		};
		671FC34FD14CC8D5442480B2 /* Debug */ = {
			isa = XCBuildConfiguration;
			buildSettings = {
				ALWAYS_SEARCH_USER_PATHS = NO;
				CLANG_ANALYZER_NONNULL = YES;
				CLANG_ANALYZER_NUMBER_OBJECT_CONVERSION = YES_AGGRESSIVE;
				CLANG_CXX_LANGUAGE_STANDARD = "gnu++14";
				CLANG_CXX_LIBRARY = "libc++";
				CLANG_ENABLE_MODULES = YES;
				CLANG_ENABLE_OBJC_ARC = YES;
				CLANG_ENABLE_OBJC_WEAK = YES;
				CLANG_WARN_BLOCK_CAPTURE_AUTORELEASING = YES;
				CLANG_WARN_BOOL_CONVERSION = YES;
				CLANG_WARN_COMMA = YES;
				CLANG_WARN_CONSTANT_CONVERSION = YES;
				CLANG_WARN_DEPRECATED_OBJC_IMPLEMENTATIONS = YES;
				CLANG_WARN_DIRECT_OBJC_ISA_USAGE = YES_ERROR;
				CLANG_WARN_DOCUMENTATION_COMMENTS = YES;
				CLANG_WARN_EMPTY_BODY = YES;
				CLANG_WARN_ENUM_CONVERSION = YES;
				CLANG_WARN_INFINITE_RECURSION = YES;
				CLANG_WARN_INT_CONVERSION = YES;
				CLANG_WARN_NON_LITERAL_NULL_CONVERSION = YES;
				CLANG_WARN_OBJC_IMPLICIT_RETAIN_SELF = YES;
				CLANG_WARN_OBJC_LITERAL_CONVERSION = YES;
				CLANG_WARN_OBJC_ROOT_CLASS = YES_ERROR;
				CLANG_WARN_QUOTED_INCLUDE_IN_FRAMEWORK_HEADER = YES;
				CLANG_WARN_RANGE_LOOP_ANALYSIS = YES;
				CLANG_WARN_STRICT_PROTOTYPES = YES;
				CLANG_WARN_SUSPICIOUS_MOVE = YES;
				CLANG_WARN_UNGUARDED_AVAILABILITY = YES_AGGRESSIVE;
				CLANG_WARN_UNREACHABLE_CODE = YES;
				CLANG_WARN__DUPLICATE_METHOD_MATCH = YES;
				COPY_PHASE_STRIP = NO;
				CURRENT_PROJECT_VERSION = 1;
				DEBUG_INFORMATION_FORMAT = dwarf;
				ENABLE_STRICT_OBJC_MSGSEND = YES;
				ENABLE_TESTABILITY = YES;
				GCC_C_LANGUAGE_STANDARD = gnu11;
				GCC_DYNAMIC_NO_PIC = NO;
				GCC_NO_COMMON_BLOCKS = YES;
				GCC_OPTIMIZATION_LEVEL = 0;
				GCC_PREPROCESSOR_DEFINITIONS = (
					"$(inherited)",
					"DEBUG=1",
				);
				GCC_WARN_64_TO_32_BIT_CONVERSION = YES;
				GCC_WARN_ABOUT_RETURN_TYPE = YES_ERROR;
				GCC_WARN_UNDECLARED_SELECTOR = YES;
				GCC_WARN_UNINITIALIZED_AUTOS = YES_AGGRESSIVE;
				GCC_WARN_UNUSED_FUNCTION = YES;
				GCC_WARN_UNUSED_VARIABLE = YES;
				IPHONEOS_DEPLOYMENT_TARGET = 17.0;
				MARKETING_VERSION = 0.1.0;
				MTL_ENABLE_DEBUG_INFO = INCLUDE_SOURCE;
				MTL_FAST_MATH = YES;
				ONLY_ACTIVE_ARCH = YES;
				PRODUCT_NAME = "$(TARGET_NAME)";
				SDKROOT = iphoneos;
				SWIFT_ACTIVE_COMPILATION_CONDITIONS = DEBUG;
				SWIFT_OPTIMIZATION_LEVEL = "-Onone";
				SWIFT_VERSION = 6.0;
			};
			name = Debug;
		};
		A1B039AC423E7F126972A5E8 /* Debug */ = {
			isa = XCBuildConfiguration;
			buildSettings = {
				ASSETCATALOG_COMPILER_APPICON_NAME = AppIcon;
				CODE_SIGN_IDENTITY = "iPhone Developer";
				INFOPLIST_FILE = Bram/Info.plist;
				LD_RUNPATH_SEARCH_PATHS = (
					"$(inherited)",
					"@executable_path/Frameworks",
				);
				PRODUCT_BUNDLE_IDENTIFIER = app.trybram.Bram;
				PRODUCT_NAME = Bram;
				SDKROOT = iphoneos;
				TARGETED_DEVICE_FAMILY = "1,2";
			};
			name = Debug;
		};
		ADD4B4BB0A7A45708E980B9A /* Debug */ = {
			isa = XCBuildConfiguration;
			buildSettings = {
				BUNDLE_LOADER = "$(TEST_HOST)";
				GENERATE_INFOPLIST_FILE = YES;
				LD_RUNPATH_SEARCH_PATHS = (
					"$(inherited)",
					"@executable_path/Frameworks",
					"@loader_path/Frameworks",
				);
				PRODUCT_BUNDLE_IDENTIFIER = app.trybram.BramTests;
				SDKROOT = iphoneos;
				TARGETED_DEVICE_FAMILY = "1,2";
				TEST_HOST = "$(BUILT_PRODUCTS_DIR)/Bram.app/Bram";
			};
			name = Debug;
		};
/* End XCBuildConfiguration section */

/* Begin XCConfigurationList section */
		4E6B239B425EE5A259588563 /* Build configuration list for PBXProject "Bram" */ = {
			isa = XCConfigurationList;
			buildConfigurations = (
				671FC34FD14CC8D5442480B2 /* Debug */,
				218483FD4C08CE7F33C69EF3 /* Release */,
			);
			defaultConfigurationIsVisible = 0;
			defaultConfigurationName = Debug;
		};
		E4061271B8D44BE9E75F40C4 /* Build configuration list for PBXNativeTarget "Bram" */ = {
			isa = XCConfigurationList;
			buildConfigurations = (
				A1B039AC423E7F126972A5E8 /* Debug */,
				666B2625FC462EDC6225C0EF /* Release */,
			);
			defaultConfigurationIsVisible = 0;
			defaultConfigurationName = Debug;
		};
		EF1C3C4C18D73CF01DECB5F3 /* Build configuration list for PBXNativeTarget "BramTests" */ = {
			isa = XCConfigurationList;
			buildConfigurations = (
				ADD4B4BB0A7A45708E980B9A /* Debug */,
				4823A0AC94D215D8236E4FA2 /* Release */,
			);
			defaultConfigurationIsVisible = 0;
			defaultConfigurationName = Debug;
		};
/* End XCConfigurationList section */

/* Begin XCRemoteSwiftPackageReference section */
		0AF6748C59294F0C71633B91 /* XCRemoteSwiftPackageReference "rive-ios" */ = {
			isa = XCRemoteSwiftPackageReference;
			repositoryURL = "https://github.com/rive-app/rive-ios.git";
			requirement = {
				kind = upToNextMajorVersion;
				minimumVersion = 6.9.5;
			};
		};
/* End XCRemoteSwiftPackageReference section */

/* Begin XCSwiftPackageProductDependency section */
		F112AD5709567F429E50C55D /* RiveRuntime */ = {
			isa = XCSwiftPackageProductDependency;
			package = 0AF6748C59294F0C71633B91 /* XCRemoteSwiftPackageReference "rive-ios" */;
			productName = RiveRuntime;
		};
/* End XCSwiftPackageProductDependency section */
	};
	rootObject = 1DB777AC095D3266335FB647 /* Project object */;
}
